{
  "name": "Portfolio Website Art",
  "lockfileVersion": 2,
  "requires": true,
  "packages": {
    "": {
      "dependencies": {
        "bootstrap-icons": "^1.11.3",
        "photoswipe": "^5.4.3",
        "photoswipe-dynamic-caption-plugin": "^1.2.7"
      }
    },
    "node_modules/bootstrap-icons": {
      "version": "1.11.3",
      "resolved": "https://registry.npmjs.org/bootstrap-icons/-/bootstrap-icons-1.11.3.tgz",
      "integrity": "sha512-+3lpHrCw/it2/7lBL15VR0HEumaBss0+f/Lb6ZvHISn1mlK83jjFpooTLsMWbIjJMDjDjOExMsTxnXSIT4k4ww==",
      "funding": [
        {
          "type": "github",
          "url": "https://github.com/sponsors/twbs"
        },
        {
          "type": "opencollective",
          "url": "https://opencollective.com/bootstrap"
        }
      ]
    },
    "node_modules/photoswipe": {
      "version": "5.4.3",
      "resolved": "https://registry.npmjs.org/photoswipe/-/photoswipe-5.4.3.tgz",
      "integrity": "sha512-9UC6oJBK4oXFZ5HcdlcvGkfEHsVrmE4csUdCQhEjHYb3PvPLO3PG7UhnPuOgjxwmhq5s17Un5NUdum01LgBDng==",
      "engines": {
        "node": ">= 0.12.0"
      }
    },
    "node_modules/photoswipe-dynamic-caption-plugin": {
      "version": "1.2.7",
      "resolved": "https://registry.npmjs.org/photoswipe-dynamic-caption-plugin/-/photoswipe-dynamic-caption-plugin-1.2.7.tgz",
      "integrity": "sha512-5XXdXLf2381nwe7KqQvcyStiUBi9TitYXppUQTrzPwYAi4lZsmWNnNKMclM7I4QGlX6fXo42v3bgb6rlK9pY1Q=="
    }
  },
  "dependencies": {
    "bootstrap-icons": {
      "version": "1.11.3",
      "resolved": "https://registry.npmjs.org/bootstrap-icons/-/bootstrap-icons-1.11.3.tgz",
      "integrity": "sha512-+3lpHrCw/it2/7lBL15VR0HEumaBss0+f/Lb6ZvHISn1mlK83jjFpooTLsMWbIjJMDjDjOExMsTxnXSIT4k4ww=="
    },
    "photoswipe": {
      "version": "5.4.3",
      "resolved": "https://registry.npmjs.org/photoswipe/-/photoswipe-5.4.3.tgz",
      "integrity": "sha512-9UC6oJBK4oXFZ5HcdlcvGkfEHsVrmE4csUdCQhEjHYb3PvPLO3PG7UhnPuOgjxwmhq5s17Un5NUdum01LgBDng=="
    },
    "photoswipe-dynamic-caption-plugin": {
      "version": "1.2.7",
      "resolved": "https://registry.npmjs.org/photoswipe-dynamic-caption-plugin/-/photoswipe-dynamic-caption-plugin-1.2.7.tgz",
      "integrity": "sha512-5XXdXLf2381nwe7KqQvcyStiUBi9TitYXppUQTrzPwYAi4lZsmWNnNKMclM7I4QGlX6fXo42v3bgb6rlK9pY1Q=="
    }
  }
}
